
Microsoft Visual Studio Solution File, Format Version 12.00
# Visual Studio 15
VisualStudioVersion = 15.0.28307.271
MinimumVisualStudioVersion = 10.0.40219.1
Project("{FAE04EC0-301F-11D3-BF4B-00C04F79EFBC}") = "Awesome.Api", "Awesome.Api\Awesome.Api.csproj", "{195A5AB8-2DF5-480D-B21A-621EF450042C}"
EndProject
Global
	GlobalSection(SolutionConfigurationPlatforms) = preSolution
		Debug|Any CPU = Debug|Any CPU
		Release|Any CPU = Release|Any CPU
	EndGlobalSection
	GlobalSection(ProjectConfigurationPlatforms) = postSolution
		{195A5AB8-2DF5-480D-B21A-621EF450042C}.Debug|Any CPU.ActiveCfg = Debug|Any CPU
		{195A5AB8-2DF5-480D-B21A-621EF450042C}.Debug|Any CPU.Build.0 = Debug|Any CPU
		{195A5AB8-2DF5-480D-B21A-621EF450042C}.Release|Any CPU.ActiveCfg = Release|Any CPU
		{195A5AB8-2DF5-480D-B21A-621EF450042C}.Release|Any CPU.Build.0 = Release|Any CPU
	EndGlobalSection
	GlobalSection(SolutionProperties) = preSolution
		HideSolutionNode = FALSE
	EndGlobalSection
	GlobalSection(ExtensibilityGlobals) = postSolution
		SolutionGuid = {0BAF8E3A-4297-4082-BC1D-73E463524427}
	EndGlobalSection
EndGlobal
